// !$*UTF8*$!
{
	archiveVersion = 1;
	classes = {
	};
	objectVersion = 50;
	objects = {

/* Begin PBXBuildFile section */
		9C9E5FF9277442D300357199 /* AppDelegate.swift in Sources */ = {isa = PBXBuildFile; fileRef = 9C9E5FF8277442D300357199 /* AppDelegate.swift */; };
		9C9E5FFB277442D300357199 /* ViewController.swift in Sources */ = {isa = PBXBuildFile; fileRef = 9C9E5FFA277442D300357199 /* ViewController.swift */; };
		9C9E5FFE277442D300357199 /* Main.storyboard in Resources */ = {isa = PBXBuildFile; fileRef = 9C9E5FFC277442D300357199 /* Main.storyboard */; };
		9C9E6000277442D600357199 /* Assets.xcassets in Resources */ = {isa = PBXBuildFile; fileRef = 9C9E5FFF277442D600357199 /* Assets.xcassets */; };
		9C9E6003277442D600357199 /* LaunchScreen.storyboard in Resources */ = {isa = PBXBuildFile; fileRef = 9C9E6001277442D600357199 /* LaunchScreen.storyboard */; };
		9C9E600E277442D600357199 /* iOS_preworkTests.swift in Sources */ = {isa = PBXBuildFile; fileRef = 9C9E600D277442D600357199 /* iOS_preworkTests.swift */; };
		9C9E6019277442D600357199 /* iOS_preworkUITests.swift in Sources */ = {isa = PBXBuildFile; fileRef = 9C9E6018277442D600357199 /* iOS_preworkUITests.swift */; };
/* End PBXBuildFile section */

/* Begin PBXContainerItemProxy section */
		9C9E600A277442D600357199 /* PBXContainerItemProxy */ = {
			isa = PBXContainerItemProxy;
			containerPortal = 9C9E5FED277442D300357199 /* Project object */;
			proxyType = 1;
			remoteGlobalIDString = 9C9E5FF4277442D300357199;
			remoteInfo = "iOS prework";
		};
		9C9E6015277442D600357199 /* PBXContainerItemProxy */ = {
			isa = PBXContainerItemProxy;
			containerPortal = 9C9E5FED277442D300357199 /* Project object */;
			proxyType = 1;
			remoteGlobalIDString = 9C9E5FF4277442D300357199;
			remoteInfo = "iOS prework";
		};
/* End PBXContainerItemProxy section */

/* Begin PBXFileReference section */
		9C9E5FF5277442D300357199 /* iOS prework.app */ = {isa = PBXFileReference; explicitFileType = wrapper.application; includeInIndex = 0; path = "iOS prework.app"; sourceTree = BUILT_PRODUCTS_DIR; };
		9C9E5FF8277442D300357199 /* AppDelegate.swift */ = {isa = PBXFileReference; lastKnownFileType = sourcecode.swift; path = AppDelegate.swift; sourceTree = "<group>"; };
		9C9E5FFA277442D300357199 /* ViewController.swift */ = {isa = PBXFileReference; lastKnownFileType = sourcecode.swift; path = ViewController.swift; sourceTree = "<group>"; };
		9C9E5FFD277442D300357199 /* Base */ = {isa = PBXFileReference; lastKnownFileType = file.storyboard; name = Base; path = Base.lproj/Main.storyboard; sourceTree = "<group>"; };
		9C9E5FFF277442D600357199 /* Assets.xcassets */ = {isa = PBXFileReference; lastKnownFileType = folder.assetcatalog; path = Assets.xcassets; sourceTree = "<group>"; };
		9C9E6002277442D600357199 /* Base */ = {isa = PBXFileReference; lastKnownFileType = file.storyboard; name = Base; path = Base.lproj/LaunchScreen.storyboard; sourceTree = "<group>"; };
		9C9E6004277442D600357199 /* Info.plist */ = {isa = PBXFileReference; lastKnownFileType = text.plist.xml; path = Info.plist; sourceTree = "<group>"; };
		9C9E6009277442D600357199 /* iOS preworkTests.xctest */ = {isa = PBXFileReference; explicitFileType = wrapper.cfbundle; includeInIndex = 0; path = "iOS preworkTests.xctest"; sourceTree = BUILT_PRODUCTS_DIR; };
		9C9E600D277442D600357199 /* iOS_preworkTests.swift */ = {isa = PBXFileReference; lastKnownFileType = sourcecode.swift; path = iOS_preworkTests.swift; sourceTree = "<group>"; };
		9C9E600F277442D600357199 /* Info.plist */ = {isa = PBXFileReference; lastKnownFileType = text.plist.xml; path = Info.plist; sourceTree = "<group>"; };
		9C9E6014277442D600357199 /* iOS preworkUITests.xctest */ = {isa = PBXFileReference; explicitFileType = wrapper.cfbundle; includeInIndex = 0; path = "iOS preworkUITests.xctest"; sourceTree = BUILT_PRODUCTS_DIR; };
		9C9E6018277442D600357199 /* iOS_preworkUITests.swift */ = {isa = PBXFileReference; lastKnownFileType = sourcecode.swift; path = iOS_preworkUITests.swift; sourceTree = "<group>"; };
		9C9E601A277442D600357199 /* Info.plist */ = {isa = PBXFileReference; lastKnownFileType = text.plist.xml; path = Info.plist; sourceTree = "<group>"; };
/* End PBXFileReference section */

/* Begin PBXFrameworksBuildPhase section */
		9C9E5FF2277442D300357199 /* Frameworks */ = {
			isa = PBXFrameworksBuildPhase;
			buildActionMask = 2147483647;
			files = (
			);
			runOnlyForDeploymentPostprocessing = 0;
		};
		9C9E6006277442D600357199 /* Frameworks */ = {
			isa = PBXFrameworksBuildPhase;
			buildActionMask = 2147483647;
			files = (
			);
			runOnlyForDeploymentPostprocessing = 0;
		};
		9C9E6011277442D600357199 /* Frameworks */ = {
			isa = PBXFrameworksBuildPhase;
			buildActionMask = 2147483647;
			files = (
			);
			runOnlyForDeploymentPostprocessing = 0;
		};
/* End PBXFrameworksBuildPhase section */

/* Begin PBXGroup section */
		9C9E5FEC277442D300357199 = {
			isa = PBXGroup;
			children = (
				9C9E5FF7277442D300357199 /* iOS prework */,
				9C9E600C277442D600357199 /* iOS preworkTests */,
				9C9E6017277442D600357199 /* iOS preworkUITests */,
				9C9E5FF6277442D300357199 /* Products */,
			);
			sourceTree = "<group>";
		};
		9C9E5FF6277442D300357199 /* Products */ = {
			isa = PBXGroup;
			children = (
				9C9E5FF5277442D300357199 /* iOS prework.app */,
				9C9E6009277442D600357199 /* iOS preworkTests.xctest */,
				9C9E6014277442D600357199 /* iOS preworkUITests.xctest */,
			);
			name = Products;
			sourceTree = "<group>";
		};
		9C9E5FF7277442D300357199 /* iOS prework */ = {
			isa = PBXGroup;
			children = (
				9C9E5FF8277442D300357199 /* AppDelegate.swift */,
				9C9E5FFA277442D300357199 /* ViewController.swift */,
				9C9E5FFC277442D300357199 /* Main.storyboard */,
				9C9E5FFF277442D600357199 /* Assets.xcassets */,
				9C9E6001277442D600357199 /* LaunchScreen.storyboard */,
				9C9E6004277442D600357199 /* Info.plist */,
			);
			path = "iOS prework";
			sourceTree = "<group>";
		};
		9C9E600C277442D600357199 /* iOS preworkTests */ = {
			isa = PBXGroup;
			children = (
				9C9E600D277442D600357199 /* iOS_preworkTests.swift */,
				9C9E600F277442D600357199 /* Info.plist */,
			);
			path = "iOS preworkTests";
			sourceTree = "<group>";
		};
		9C9E6017277442D600357199 /* iOS preworkUITests */ = {
			isa = PBXGroup;
			children = (
				9C9E6018277442D600357199 /* iOS_preworkUITests.swift */,
				9C9E601A277442D600357199 /* Info.plist */,
			);
			path = "iOS preworkUITests";
			sourceTree = "<group>";
		};
/* End PBXGroup section */

/* Begin PBXNativeTarget section */
		9C9E5FF4277442D300357199 /* iOS prework */ = {
			isa = PBXNativeTarget;
			buildConfigurationList = 9C9E601D277442D600357199 /* Build configuration list for PBXNativeTarget "iOS prework" */;
			buildPhases = (
				9C9E5FF1277442D300357199 /* Sources */,
				9C9E5FF2277442D300357199 /* Frameworks */,
				9C9E5FF3277442D300357199 /* Resources */,
			);
			buildRules = (
			);
			dependencies = (
			);
			name = "iOS prework";
			productName = "iOS prework";
			productReference = 9C9E5FF5277442D300357199 /* iOS prework.app */;
			productType = "com.apple.product-type.application";
		};
		9C9E6008277442D600357199 /* iOS preworkTests */ = {
			isa = PBXNativeTarget;
			buildConfigurationList = 9C9E6020277442D600357199 /* Build configuration list for PBXNativeTarget "iOS preworkTests" */;
			buildPhases = (
				9C9E6005277442D600357199 /* Sources */,
				9C9E6006277442D600357199 /* Frameworks */,
				9C9E6007277442D600357199 /* Resources */,
			);
			buildRules = (
			);
			dependencies = (
				9C9E600B277442D600357199 /* PBXTargetDependency */,
			);
			name = "iOS preworkTests";
			productName = "iOS preworkTests";
			productReference = 9C9E6009277442D600357199 /* iOS preworkTests.xctest */;
			productType = "com.apple.product-type.bundle.unit-test";
		};
		9C9E6013277442D600357199 /* iOS preworkUITests */ = {
			isa = PBXNativeTarget;
			buildConfigurationList = 9C9E6023277442D600357199 /* Build configuration list for PBXNativeTarget "iOS preworkUITests" */;
			buildPhases = (
				9C9E6010277442D600357199 /* Sources */,
				9C9E6011277442D600357199 /* Frameworks */,
				9C9E6012277442D600357199 /* Resources */,
			);
			buildRules = (
			);
			dependencies = (
				9C9E6016277442D600357199 /* PBXTargetDependency */,
			);
			name = "iOS preworkUITests";
			productName = "iOS preworkUITests";
			productReference = 9C9E6014277442D600357199 /* iOS preworkUITests.xctest */;
			productType = "com.apple.product-type.bundle.ui-testing";
		};
/* End PBXNativeTarget section */

/* Begin PBXProject section */
		9C9E5FED277442D300357199 /* Project object */ = {
			isa = PBXProject;
			attributes = {
				LastSwiftUpdateCheck = 1010;
				LastUpgradeCheck = 1010;
				ORGANIZATIONNAME = "Shruti Kotha";
				TargetAttributes = {
					9C9E5FF4277442D300357199 = {
						CreatedOnToolsVersion = 10.1;
					};
					9C9E6008277442D600357199 = {
						CreatedOnToolsVersion = 10.1;
						TestTargetID = 9C9E5FF4277442D300357199;
					};
					9C9E6013277442D600357199 = {
						CreatedOnToolsVersion = 10.1;
						TestTargetID = 9C9E5FF4277442D300357199;
					};
				};
			};
			buildConfigurationList = 9C9E5FF0277442D300357199 /* Build configuration list for PBXProject "iOS prework" */;
			compatibilityVersion = "Xcode 9.3";
			developmentRegion = en;
			hasScannedForEncodings = 0;
			knownRegions = (
				en,
				Base,
			);
			mainGroup = 9C9E5FEC277442D300357199;
			productRefGroup = 9C9E5FF6277442D300357199 /* Products */;
			projectDirPath = "";
			projectRoot = "";
			targets = (
				9C9E5FF4277442D300357199 /* iOS prework */,
				9C9E6008277442D600357199 /* iOS preworkTests */,
				9C9E6013277442D600357199 /* iOS preworkUITests */,
			);
		};
/* End PBXProject section */

/* Begin PBXResourcesBuildPhase section */
		9C9E5FF3277442D300357199 /* Resources */ = {
			isa = PBXResourcesBuildPhase;
			buildActionMask = 2147483647;
			files = (
				9C9E6003277442D600357199 /* LaunchScreen.storyboard in Resources */,
				9C9E6000277442D600357199 /* Assets.xcassets in Resources */,
				9C9E5FFE277442D300357199 /* Main.storyboard in Resources */,
			);
			runOnlyForDeploymentPostprocessing = 0;
		};
		9C9E6007277442D600357199 /* Resources */ = {
			isa = PBXResourcesBuildPhase;
			buildActionMask = 2147483647;
			files = (
			);
			runOnlyForDeploymentPostprocessing = 0;
		};
		9C9E6012277442D600357199 /* Resources */ = {
			isa = PBXResourcesBuildPhase;
			buildActionMask = 2147483647;
			files = (
			);
			runOnlyForDeploymentPostprocessing = 0;
		};
/* End PBXResourcesBuildPhase section */

/* Begin PBXSourcesBuildPhase section */
		9C9E5FF1277442D300357199 /* Sources */ = {
			isa = PBXSourcesBuildPhase;
			buildActionMask = 2147483647;
			files = (
				9C9E5FFB277442D300357199 /* ViewController.swift in Sources */,
				9C9E5FF9277442D300357199 /* AppDelegate.swift in Sources */,
			);
			runOnlyForDeploymentPostprocessing = 0;
		};
		9C9E6005277442D600357199 /* Sources */ = {
			isa = PBXSourcesBuildPhase;
			buildActionMask = 2147483647;
			files = (
				9C9E600E277442D600357199 /* iOS_preworkTests.swift in Sources */,
			);
			runOnlyForDeploymentPostprocessing = 0;
		};
		9C9E6010277442D600357199 /* Sources */ = {
			isa = PBXSourcesBuildPhase;
			buildActionMask = 2147483647;
			files = (
				9C9E6019277442D600357199 /* iOS_preworkUITests.swift in Sources */,
			);
			runOnlyForDeploymentPostprocessing = 0;
		};
/* End PBXSourcesBuildPhase section */

/* Begin PBXTargetDependency section */
		9C9E600B277442D600357199 /* PBXTargetDependency */ = {
			isa = PBXTargetDependency;
			target = 9C9E5FF4277442D300357199 /* iOS prework */;
			targetProxy = 9C9E600A277442D600357199 /* PBXContainerItemProxy */;
		};
		9C9E6016277442D600357199 /* PBXTargetDependency */ = {
			isa = PBXTargetDependency;
			target = 9C9E5FF4277442D300357199 /* iOS prework */;
			targetProxy = 9C9E6015277442D600357199 /* PBXContainerItemProxy */;
		};
/* End PBXTargetDependency section */

/* Begin PBXVariantGroup section */
		9C9E5FFC277442D300357199 /* Main.storyboard */ = {
			isa = PBXVariantGroup;
			children = (
				9C9E5FFD277442D300357199 /* Base */,
			);
			name = Main.storyboard;
			sourceTree = "<group>";
		};
		9C9E6001277442D600357199 /* LaunchScreen.storyboard */ = {
			isa = PBXVariantGroup;
			children = (
				9C9E6002277442D600357199 /* Base */,
			);
			name = LaunchScreen.storyboard;
			sourceTree = "<group>";
		};
/* End PBXVariantGroup section */

/* Begin XCBuildConfiguration section */
		9C9E601B277442D600357199 /* Debug */ = {
			isa = XCBuildConfiguration;
			buildSettings = {
				ALWAYS_SEARCH_USER_PATHS = NO;
				CLANG_ANALYZER_NONNULL = YES;
				CLANG_ANALYZER_NUMBER_OBJECT_CONVERSION = YES_AGGRESSIVE;
				CLANG_CXX_LANGUAGE_STANDARD = "gnu++14";
				CLANG_CXX_LIBRARY = "libc++";
				CLANG_ENABLE_MODULES = YES;
				CLANG_ENABLE_OBJC_ARC = YES;
				CLANG_ENABLE_OBJC_WEAK = YES;
				CLANG_WARN_BLOCK_CAPTURE_AUTORELEASING = YES;
				CLANG_WARN_BOOL_CONVERSION = YES;
				CLANG_WARN_COMMA = YES;
				CLANG_WARN_CONSTANT_CONVERSION = YES;
				CLANG_WARN_DEPRECATED_OBJC_IMPLEMENTATIONS = YES;
				CLANG_WARN_DIRECT_OBJC_ISA_USAGE = YES_ERROR;
				CLANG_WARN_DOCUMENTATION_COMMENTS = YES;
				CLANG_WARN_EMPTY_BODY = YES;
				CLANG_WARN_ENUM_CONVERSION = YES;
				CLANG_WARN_INFINITE_RECURSION = YES;
				CLANG_WARN_INT_CONVERSION = YES;
				CLANG_WARN_NON_LITERAL_NULL_CONVERSION = YES;
				CLANG_WARN_OBJC_IMPLICIT_RETAIN_SELF = YES;
				CLANG_WARN_OBJC_LITERAL_CONVERSION = YES;
				CLANG_WARN_OBJC_ROOT_CLASS = YES_ERROR;
				CLANG_WARN_RANGE_LOOP_ANALYSIS = YES;
				CLANG_WARN_STRICT_PROTOTYPES = YES;
				CLANG_WARN_SUSPICIOUS_MOVE = YES;
				CLANG_WARN_UNGUARDED_AVAILABILITY = YES_AGGRESSIVE;
				CLANG_WARN_UNREACHABLE_CODE = YES;
				CLANG_WARN__DUPLICATE_METHOD_MATCH = YES;
				CODE_SIGN_IDENTITY = "iPhone Developer";
				COPY_PHASE_STRIP = NO;
				DEBUG_INFORMATION_FORMAT = dwarf;
				ENABLE_STRICT_OBJC_MSGSEND = YES;
				ENABLE_TESTABILITY = YES;
				GCC_C_LANGUAGE_STANDARD = gnu11;
				GCC_DYNAMIC_NO_PIC = NO;
				GCC_NO_COMMON_BLOCKS = YES;
				GCC_OPTIMIZATION_LEVEL = 0;
				GCC_PREPROCESSOR_DEFINITIONS = (
					"DEBUG=1",
					"$(inherited)",
				);
				GCC_WARN_64_TO_32_BIT_CONVERSION = YES;
				GCC_WARN_ABOUT_RETURN_TYPE = YES_ERROR;
				GCC_WARN_UNDECLARED_SELECTOR = YES;
				GCC_WARN_UNINITIALIZED_AUTOS = YES_AGGRESSIVE;
				GCC_WARN_UNUSED_FUNCTION = YES;
				GCC_WARN_UNUSED_VARIABLE = YES;
				IPHONEOS_DEPLOYMENT_TARGET = 12.1;
				MTL_ENABLE_DEBUG_INFO = INCLUDE_SOURCE;
				MTL_FAST_MATH = YES;
				ONLY_ACTIVE_ARCH = YES;
				SDKROOT = iphoneos;
				SWIFT_ACTIVE_COMPILATION_CONDITIONS = DEBUG;
				SWIFT_OPTIMIZATION_LEVEL = "-Onone";
			};
			name = Debug;
		};
		9C9E601C277442D600357199 /* Release */ = {
			isa = XCBuildConfiguration;
			buildSettings = {
				ALWAYS_SEARCH_USER_PATHS = NO;
				CLANG_ANALYZER_NONNULL = YES;
				CLANG_ANALYZER_NUMBER_OBJECT_CONVERSION = YES_AGGRESSIVE;
				CLANG_CXX_LANGUAGE_STANDARD = "gnu++14";
				CLANG_CXX_LIBRARY = "libc++";
				CLANG_ENABLE_MODULES = YES;
				CLANG_ENABLE_OBJC_ARC = YES;
				CLANG_ENABLE_OBJC_WEAK = YES;
				CLANG_WARN_BLOCK_CAPTURE_AUTORELEASING = YES;
				CLANG_WARN_BOOL_CONVERSION = YES;
				CLANG_WARN_COMMA = YES;
				CLANG_WARN_CONSTANT_CONVERSION = YES;
				CLANG_WARN_DEPRECATED_OBJC_IMPLEMENTATIONS = YES;
				CLANG_WARN_DIRECT_OBJC_ISA_USAGE = YES_ERROR;
				CLANG_WARN_DOCUMENTATION_COMMENTS = YES;
				CLANG_WARN_EMPTY_BODY = YES;
				CLANG_WARN_ENUM_CONVERSION = YES;
				CLANG_WARN_INFINITE_RECURSION = YES;
				CLANG_WARN_INT_CONVERSION = YES;
				CLANG_WARN_NON_LITERAL_NULL_CONVERSION = YES;
				CLANG_WARN_OBJC_IMPLICIT_RETAIN_SELF = YES;
				CLANG_WARN_OBJC_LITERAL_CONVERSION = YES;
				CLANG_WARN_OBJC_ROOT_CLASS = YES_ERROR;
				CLANG_WARN_RANGE_LOOP_ANALYSIS = YES;
				CLANG_WARN_STRICT_PROTOTYPES = YES;
				CLANG_WARN_SUSPICIOUS_MOVE = YES;
				CLANG_WARN_UNGUARDED_AVAILABILITY = YES_AGGRESSIVE;
				CLANG_WARN_UNREACHABLE_CODE = YES;
				CLANG_WARN__DUPLICATE_METHOD_MATCH = YES;
				CODE_SIGN_IDENTITY = "iPhone Developer";
				COPY_PHASE_STRIP = NO;
				DEBUG_INFORMATION_FORMAT = "dwarf-with-dsym";
				ENABLE_NS_ASSERTIONS = NO;
				ENABLE_STRICT_OBJC_MSGSEND = YES;
				GCC_C_LANGUAGE_STANDARD = gnu11;
				GCC_NO_COMMON_BLOCKS = YES;
				GCC_WARN_64_TO_32_BIT_CONVERSION = YES;
				GCC_WARN_ABOUT_RETURN_TYPE = YES_ERROR;
				GCC_WARN_UNDECLARED_SELECTOR = YES;
				GCC_WARN_UNINITIALIZED_AUTOS = YES_AGGRESSIVE;
				GCC_WARN_UNUSED_FUNCTION = YES;
				GCC_WARN_UNUSED_VARIABLE = YES;
				IPHONEOS_DEPLOYMENT_TARGET = 12.1;
				MTL_ENABLE_DEBUG_INFO = NO;
				MTL_FAST_MATH = YES;
				SDKROOT = iphoneos;
				SWIFT_COMPILATION_MODE = wholemodule;
				SWIFT_OPTIMIZATION_LEVEL = "-O";
				VALIDATE_PRODUCT = YES;
			};
			name = Release;
		};
		9C9E601E277442D600357199 /* Debug */ = {
			isa = XCBuildConfiguration;
			buildSettings = {
				ASSETCATALOG_COMPILER_APPICON_NAME = AppIcon;
				CODE_SIGN_STYLE = Automatic;
				INFOPLIST_FILE = "iOS prework/Info.plist";
				LD_RUNPATH_SEARCH_PATHS = (
					"$(inherited)",
					"@executable_path/Frameworks",
				);
				PRODUCT_BUNDLE_IDENTIFIER = "course.iOS-prework";
				PRODUCT_NAME = "$(TARGET_NAME)";
				SWIFT_VERSION = 4.2;
				TARGETED_DEVICE_FAMILY = "1,2";
			};
			name = Debug;
		};
		9C9E601F277442D600357199 /* Release */ = {
			isa = XCBuildConfiguration;
			buildSettings = {
				ASSETCATALOG_COMPILER_APPICON_NAME = AppIcon;
				CODE_SIGN_STYLE = Automatic;
				INFOPLIST_FILE = "iOS prework/Info.plist";
				LD_RUNPATH_SEARCH_PATHS = (
					"$(inherited)",
					"@executable_path/Frameworks",
				);
				PRODUCT_BUNDLE_IDENTIFIER = "course.iOS-prework";
				PRODUCT_NAME = "$(TARGET_NAME)";
				SWIFT_VERSION = 4.2;
				TARGETED_DEVICE_FAMILY = "1,2";
			};
			name = Release;
		};
		9C9E6021277442D600357199 /* Debug */ = {
			isa = XCBuildConfiguration;
			buildSettings = {
				ALWAYS_EMBED_SWIFT_STANDARD_LIBRARIES = YES;
				BUNDLE_LOADER = "$(TEST_HOST)";
				CODE_SIGN_STYLE = Automatic;
				INFOPLIST_FILE = "iOS preworkTests/Info.plist";
				LD_RUNPATH_SEARCH_PATHS = (
					"$(inherited)",
					"@executable_path/Frameworks",
					"@loader_path/Frameworks",
				);
				PRODUCT_BUNDLE_IDENTIFIER = "course.iOS-preworkTests";
				PRODUCT_NAME = "$(TARGET_NAME)";
				SWIFT_VERSION = 4.2;
				TARGETED_DEVICE_FAMILY = "1,2";
				TEST_HOST = "$(BUILT_PRODUCTS_DIR)/iOS prework.app/iOS prework";
			};
			name = Debug;
		};
		9C9E6022277442D600357199 /* Release */ = {
			isa = XCBuildConfiguration;
			buildSettings = {
				ALWAYS_EMBED_SWIFT_STANDARD_LIBRARIES = YES;
				BUNDLE_LOADER = "$(TEST_HOST)";
				CODE_SIGN_STYLE = Automatic;
				INFOPLIST_FILE = "iOS preworkTests/Info.plist";
				LD_RUNPATH_SEARCH_PATHS = (
					"$(inherited)",
					"@executable_path/Frameworks",
					"@loader_path/Frameworks",
				);
				PRODUCT_BUNDLE_IDENTIFIER = "course.iOS-preworkTests";
				PRODUCT_NAME = "$(TARGET_NAME)";
				SWIFT_VERSION = 4.2;
				TARGETED_DEVICE_FAMILY = "1,2";
				TEST_HOST = "$(BUILT_PRODUCTS_DIR)/iOS prework.app/iOS prework";
			};
			name = Release;
		};
		9C9E6024277442D600357199 /* Debug */ = {
			isa = XCBuildConfiguration;
			buildSettings = {
				ALWAYS_EMBED_SWIFT_STANDARD_LIBRARIES = YES;
				CODE_SIGN_STYLE = Automatic;
				INFOPLIST_FILE = "iOS preworkUITests/Info.plist";
				LD_RUNPATH_SEARCH_PATHS = (
					"$(inherited)",
					"@executable_path/Frameworks",
					"@loader_path/Frameworks",
				);
				PRODUCT_BUNDLE_IDENTIFIER = "course.iOS-preworkUITests";
				PRODUCT_NAME = "$(TARGET_NAME)";
				SWIFT_VERSION = 4.2;
				TARGETED_DEVICE_FAMILY = "1,2";
				TEST_TARGET_NAME = "iOS prework";
			};
			name = Debug;
		};
		9C9E6025277442D600357199 /* Release */ = {
			isa = XCBuildConfiguration;
			buildSettings = {
				ALWAYS_EMBED_SWIFT_STANDARD_LIBRARIES = YES;
				CODE_SIGN_STYLE = Automatic;
				INFOPLIST_FILE = "iOS preworkUITests/Info.plist";
				LD_RUNPATH_SEARCH_PATHS = (
					"$(inherited)",
					"@executable_path/Frameworks",
					"@loader_path/Frameworks",
				);
				PRODUCT_BUNDLE_IDENTIFIER = "course.iOS-preworkUITests";
				PRODUCT_NAME = "$(TARGET_NAME)";
				SWIFT_VERSION = 4.2;
				TARGETED_DEVICE_FAMILY = "1,2";
				TEST_TARGET_NAME = "iOS prework";
			};
			name = Release;
		};
/* End XCBuildConfiguration section */

/* Begin XCConfigurationList section */
		9C9E5FF0277442D300357199 /* Build configuration list for PBXProject "iOS prework" */ = {
			isa = XCConfigurationList;
			buildConfigurations = (
				9C9E601B277442D600357199 /* Debug */,
				9C9E601C277442D600357199 /* Release */,
			);
			defaultConfigurationIsVisible = 0;
			defaultConfigurationName = Release;
		};
		9C9E601D277442D600357199 /* Build configuration list for PBXNativeTarget "iOS prework" */ = {
			isa = XCConfigurationList;
			buildConfigurations = (
				9C9E601E277442D600357199 /* Debug */,
				9C9E601F277442D600357199 /* Release */,
			);
			defaultConfigurationIsVisible = 0;
			defaultConfigurationName = Release;
		};
		9C9E6020277442D600357199 /* Build configuration list for PBXNativeTarget "iOS preworkTests" */ = {
			isa = XCConfigurationList;
			buildConfigurations = (
				9C9E6021277442D600357199 /* Debug */,
				9C9E6022277442D600357199 /* Release */,
			);
			defaultConfigurationIsVisible = 0;
			defaultConfigurationName = Release;
		};
		9C9E6023277442D600357199 /* Build configuration list for PBXNativeTarget "iOS preworkUITests" */ = {
			isa = XCConfigurationList;
			buildConfigurations = (
				9C9E6024277442D600357199 /* Debug */,
				9C9E6025277442D600357199 /* Release */,
			);
			defaultConfigurationIsVisible = 0;
			defaultConfigurationName = Release;
		};
/* End XCConfigurationList section */
	};
	rootObject = 9C9E5FED277442D300357199 /* Project object */;
}
